
Microsoft Visual Studio Solution File, Format Version 12.00
# Visual Studio Version 16
VisualStudioVersion = 16.0.30611.23
MinimumVisualStudioVersion = 10.0.40219.1
Project("{9A19103F-16F7-4668-BE54-9A1E7A4F7556}") = "FractalsApp", "FractalsApp.csproj", "{AF024944-C61B-4067-85C1-1A9AFFF7B6E4}"
EndProject
Global
	GlobalSection(SolutionConfigurationPlatforms) = preSolution
		Debug|Any CPU = Debug|Any CPU
		Release|Any CPU = Release|Any CPU
	EndGlobalSection
	GlobalSection(ProjectConfigurationPlatforms) = postSolution
		{AF024944-C61B-4067-85C1-1A9AFFF7B6E4}.Debug|Any CPU.ActiveCfg = Debug|Any CPU
		{AF024944-C61B-4067-85C1-1A9AFFF7B6E4}.Debug|Any CPU.Build.0 = Debug|Any CPU
		{AF024944-C61B-4067-85C1-1A9AFFF7B6E4}.Release|Any CPU.ActiveCfg = Release|Any CPU
		{AF024944-C61B-4067-85C1-1A9AFFF7B6E4}.Release|Any CPU.Build.0 = Release|Any CPU
	EndGlobalSection
	GlobalSection(SolutionProperties) = preSolution
		HideSolutionNode = FALSE
	EndGlobalSection
	GlobalSection(ExtensibilityGlobals) = postSolution
		SolutionGuid = {7899DE84-83EC-4B31-8F3E-E23A573D7C8E}
	EndGlobalSection
EndGlobal
